
Microsoft Visual Studio Solution File, Format Version 12.00
# Visual Studio Version 16
VisualStudioVersion = 16.0.29215.179
MinimumVisualStudioVersion = 10.0.40219.1
Project("{FAE04EC0-301F-11D3-BF4B-00C04F79EFBC}") = "TestTeamCity", "TestTeamCity\TestTeamCity.csproj", "{521FB6BC-37A4-4AA7-9673-3478F2775C20}"
EndProject
Global
	GlobalSection(SolutionConfigurationPlatforms) = preSolution
		Debug|Any CPU = Debug|Any CPU
		Release|Any CPU = Release|Any CPU
	EndGlobalSection
	GlobalSection(ProjectConfigurationPlatforms) = postSolution
		{521FB6BC-37A4-4AA7-9673-3478F2775C20}.Debug|Any CPU.ActiveCfg = Debug|Any CPU
		{521FB6BC-37A4-4AA7-9673-3478F2775C20}.Debug|Any CPU.Build.0 = Debug|Any CPU
		{521FB6BC-37A4-4AA7-9673-3478F2775C20}.Release|Any CPU.ActiveCfg = Release|Any CPU
		{521FB6BC-37A4-4AA7-9673-3478F2775C20}.Release|Any CPU.Build.0 = Release|Any CPU
	EndGlobalSection
	GlobalSection(SolutionProperties) = preSolution
		HideSolutionNode = FALSE
	EndGlobalSection
	GlobalSection(ExtensibilityGlobals) = postSolution
		SolutionGuid = {960B86C7-3A56-4F11-A5A1-E6CC961E2BF7}
	EndGlobalSection
EndGlobal
